
Microsoft Visual Studio Solution File, Format Version 12.00
# Visual Studio 15
VisualStudioVersion = 15.0.27428.2015
MinimumVisualStudioVersion = 10.0.40219.1
Project("{9A19103F-16F7-4668-BE54-9A1E7A4F7556}") = "MEDSys.Web", "MEDSys.Web\MEDSys.Web.csproj", "{982549F2-499C-483D-B3DE-10237290BDF9}"
EndProject
Project("{9A19103F-16F7-4668-BE54-9A1E7A4F7556}") = "MEDSys.Api", "MEDSys.Api\MEDSys.Api.csproj", "{6FA04A52-BC80-45C5-8990-5F055CFD1E4E}"
EndProject
Project("{9A19103F-16F7-4668-BE54-9A1E7A4F7556}") = "MEDSys.Test", "MEDSys.Test\MEDSys.Test.csproj", "{3ED820A3-1F11-418C-AD8D-3DF65D49C638}"
EndProject
Global
	GlobalSection(SolutionConfigurationPlatforms) = preSolution
		Debug|Any CPU = Debug|Any CPU
		Release|Any CPU = Release|Any CPU
	EndGlobalSection
	GlobalSection(ProjectConfigurationPlatforms) = postSolution
		{982549F2-499C-483D-B3DE-10237290BDF9}.Debug|Any CPU.ActiveCfg = Debug|Any CPU
		{982549F2-499C-483D-B3DE-10237290BDF9}.Debug|Any CPU.Build.0 = Debug|Any CPU
		{982549F2-499C-483D-B3DE-10237290BDF9}.Release|Any CPU.ActiveCfg = Release|Any CPU
		{982549F2-499C-483D-B3DE-10237290BDF9}.Release|Any CPU.Build.0 = Release|Any CPU
		{6FA04A52-BC80-45C5-8990-5F055CFD1E4E}.Debug|Any CPU.ActiveCfg = Debug|Any CPU
		{6FA04A52-BC80-45C5-8990-5F055CFD1E4E}.Debug|Any CPU.Build.0 = Debug|Any CPU
		{6FA04A52-BC80-45C5-8990-5F055CFD1E4E}.Release|Any CPU.ActiveCfg = Release|Any CPU
		{6FA04A52-BC80-45C5-8990-5F055CFD1E4E}.Release|Any CPU.Build.0 = Release|Any CPU
		{3ED820A3-1F11-418C-AD8D-3DF65D49C638}.Debug|Any CPU.ActiveCfg = Debug|Any CPU
		{3ED820A3-1F11-418C-AD8D-3DF65D49C638}.Debug|Any CPU.Build.0 = Debug|Any CPU
		{3ED820A3-1F11-418C-AD8D-3DF65D49C638}.Release|Any CPU.ActiveCfg = Release|Any CPU
		{3ED820A3-1F11-418C-AD8D-3DF65D49C638}.Release|Any CPU.Build.0 = Release|Any CPU
	EndGlobalSection
	GlobalSection(SolutionProperties) = preSolution
		HideSolutionNode = FALSE
	EndGlobalSection
	GlobalSection(ExtensibilityGlobals) = postSolution
		SolutionGuid = {1EEFA2C0-6928-47D9-BF81-A861A084C8A2}
	EndGlobalSection
EndGlobal
